
Microsoft Visual Studio Solution File, Format Version 12.00
# Visual Studio 15
VisualStudioVersion = 15.0.27004.2009
MinimumVisualStudioVersion = 10.0.40219.1
Project("{FAE04EC0-301F-11D3-BF4B-00C04F79EFBC}") = "Prototype1.Foundation", "Prototype1.Foundation\Prototype1.Foundation.csproj", "{FB868075-C8DB-4218-BACD-6B1F1F74ADB1}"
EndProject
Project("{FAE04EC0-301F-11D3-BF4B-00C04F79EFBC}") = "Prototype1.Migration", "Prototype1.Migration\Prototype1.Migration.csproj", "{3034DCC2-2BCA-44EA-A7ED-8879095519C5}"
EndProject
Project("{FAE04EC0-301F-11D3-BF4B-00C04F79EFBC}") = "Prototype1.Security", "Prototype1.Security\Prototype1.Security.csproj", "{8C9C8B44-F4B1-446E-9020-8A946971479A}"
EndProject
Project("{FAE04EC0-301F-11D3-BF4B-00C04F79EFBC}") = "Prototype1.Services", "Prototype1.Services\Prototype1.Services.csproj", "{D2F08397-BE16-4C83-986F-6236AFCAAC21}"
EndProject
Project("{FAE04EC0-301F-11D3-BF4B-00C04F79EFBC}") = "Prototype1.FluentNHibernate", "Prototype1.FluentNHibernate\Prototype1.FluentNHibernate.csproj", "{529145D5-6CC3-4016-89B5-826563024AF1}"
EndProject
Global
	GlobalSection(SolutionConfigurationPlatforms) = preSolution
		Debug|Any CPU = Debug|Any CPU
		Release|Any CPU = Release|Any CPU
	EndGlobalSection
	GlobalSection(ProjectConfigurationPlatforms) = postSolution
		{FB868075-C8DB-4218-BACD-6B1F1F74ADB1}.Debug|Any CPU.ActiveCfg = Debug|Any CPU
		{FB868075-C8DB-4218-BACD-6B1F1F74ADB1}.Debug|Any CPU.Build.0 = Debug|Any CPU
		{FB868075-C8DB-4218-BACD-6B1F1F74ADB1}.Release|Any CPU.ActiveCfg = Release|Any CPU
		{FB868075-C8DB-4218-BACD-6B1F1F74ADB1}.Release|Any CPU.Build.0 = Release|Any CPU
		{3034DCC2-2BCA-44EA-A7ED-8879095519C5}.Debug|Any CPU.ActiveCfg = Debug|Any CPU
		{3034DCC2-2BCA-44EA-A7ED-8879095519C5}.Debug|Any CPU.Build.0 = Debug|Any CPU
		{3034DCC2-2BCA-44EA-A7ED-8879095519C5}.Release|Any CPU.ActiveCfg = Release|Any CPU
		{3034DCC2-2BCA-44EA-A7ED-8879095519C5}.Release|Any CPU.Build.0 = Release|Any CPU
		{8C9C8B44-F4B1-446E-9020-8A946971479A}.Debug|Any CPU.ActiveCfg = Debug|Any CPU
		{8C9C8B44-F4B1-446E-9020-8A946971479A}.Debug|Any CPU.Build.0 = Debug|Any CPU
		{8C9C8B44-F4B1-446E-9020-8A946971479A}.Release|Any CPU.ActiveCfg = Release|Any CPU
		{8C9C8B44-F4B1-446E-9020-8A946971479A}.Release|Any CPU.Build.0 = Release|Any CPU
		{D2F08397-BE16-4C83-986F-6236AFCAAC21}.Debug|Any CPU.ActiveCfg = Debug|Any CPU
		{D2F08397-BE16-4C83-986F-6236AFCAAC21}.Debug|Any CPU.Build.0 = Debug|Any CPU
		{D2F08397-BE16-4C83-986F-6236AFCAAC21}.Release|Any CPU.ActiveCfg = Release|Any CPU
		{D2F08397-BE16-4C83-986F-6236AFCAAC21}.Release|Any CPU.Build.0 = Release|Any CPU
		{529145D5-6CC3-4016-89B5-826563024AF1}.Debug|Any CPU.ActiveCfg = Debug|Any CPU
		{529145D5-6CC3-4016-89B5-826563024AF1}.Debug|Any CPU.Build.0 = Debug|Any CPU
		{529145D5-6CC3-4016-89B5-826563024AF1}.Release|Any CPU.ActiveCfg = Release|Any CPU
		{529145D5-6CC3-4016-89B5-826563024AF1}.Release|Any CPU.Build.0 = Release|Any CPU
	EndGlobalSection
	GlobalSection(SolutionProperties) = preSolution
		HideSolutionNode = FALSE
	EndGlobalSection
	GlobalSection(ExtensibilityGlobals) = postSolution
		SolutionGuid = {14F8B72B-2D01-4D1C-8B56-004336371531}
	EndGlobalSection
EndGlobal
